
Microsoft Visual Studio Solution File, Format Version 12.00
# Visual Studio Version 16
VisualStudioVersion = 16.0.30225.117
MinimumVisualStudioVersion = 10.0.40219.1
Project("{9A19103F-16F7-4668-BE54-9A1E7A4F7556}") = "tests", "tests.csproj", "{6A1CA9E2-BAEE-4B37-9329-124F16C19365}"
EndProject
Global
	GlobalSection(SolutionConfigurationPlatforms) = preSolution
		Debug|Any CPU = Debug|Any CPU
		Release|Any CPU = Release|Any CPU
	EndGlobalSection
	GlobalSection(ProjectConfigurationPlatforms) = postSolution
		{6A1CA9E2-BAEE-4B37-9329-124F16C19365}.Debug|Any CPU.ActiveCfg = Debug|Any CPU
		{6A1CA9E2-BAEE-4B37-9329-124F16C19365}.Debug|Any CPU.Build.0 = Debug|Any CPU
		{6A1CA9E2-BAEE-4B37-9329-124F16C19365}.Release|Any CPU.ActiveCfg = Release|Any CPU
		{6A1CA9E2-BAEE-4B37-9329-124F16C19365}.Release|Any CPU.Build.0 = Release|Any CPU
	EndGlobalSection
	GlobalSection(SolutionProperties) = preSolution
		HideSolutionNode = FALSE
	EndGlobalSection
	GlobalSection(ExtensibilityGlobals) = postSolution
		SolutionGuid = {1EE1F47A-0794-437E-9067-0419094B15AC}
	EndGlobalSection
EndGlobal
